# THIS IS AN AUTOGENERATED FILE. DO NOT EDIT THIS FILE DIRECTLY.
# yarn lockfile v1


"@apollo/react-common@^3.1.4":
  version "3.1.4"
  resolved "https://registry.yarnpkg.com/@apollo/react-common/-/react-common-3.1.4.tgz#ec13c985be23ea8e799c9ea18e696eccc97be345"
  integrity sha512-X5Kyro73bthWSCBJUC5XYQqMnG0dLWuDZmVkzog9dynovhfiVCV4kPSdgSIkqnb++cwCzOVuQ4rDKVwo2XRzQA==
  dependencies:
    ts-invariant "^0.4.4"
    tslib "^1.10.0"

"@apollo/react-components@^3.1.5":
  version "3.1.5"
  resolved "https://registry.yarnpkg.com/@apollo/react-components/-/react-components-3.1.5.tgz#040d2f35ce4947747efe16f76d59dcbd797ffdaf"
  integrity sha512-c82VyUuE9VBnJB7bnX+3dmwpIPMhyjMwyoSLyQWPHxz8jK4ak30XszJtqFf4eC4hwvvLYa+Ou6X73Q8V8e2/jg==
  dependencies:
    "@apollo/react-common" "^3.1.4"
    "@apollo/react-hooks" "^3.1.5"
    prop-types "^15.7.2"
    ts-invariant "^0.4.4"
    tslib "^1.10.0"

"@apollo/react-hoc@^3.1.5":
  version "3.1.5"
  resolved "https://registry.yarnpkg.com/@apollo/react-hoc/-/react-hoc-3.1.5.tgz#6552d2fb4aafc59fdc8f4e353358b98b89cfab6f"
  integrity sha512-jlZ2pvEnRevLa54H563BU0/xrYSgWQ72GksarxUzCHQW85nmn9wQln0kLBX7Ua7SBt9WgiuYQXQVechaaCulfQ==
  dependencies:
    "@apollo/react-common" "^3.1.4"
    "@apollo/react-components" "^3.1.5"
    hoist-non-react-statics "^3.3.0"
    ts-invariant "^0.4.4"
    tslib "^1.10.0"

"@apollo/react-hooks@^3.1.5":
  version "3.1.5"
  resolved "https://registry.yarnpkg.com/@apollo/react-hooks/-/react-hooks-3.1.5.tgz#7e710be52461255ae7fc0b3b9c2ece64299c10e6"
  integrity sha512-y0CJ393DLxIIkksRup4nt+vSjxalbZBXnnXxYbviq/woj+zKa431zy0yT4LqyRKpFy9ahMIwxBnBwfwIoupqLQ==
  dependencies:
    "@apollo/react-common" "^3.1.4"
    "@wry/equality" "^0.1.9"
    ts-invariant "^0.4.4"
    tslib "^1.10.0"

"@apollo/react-ssr@^3.1.5":
  version "3.1.5"
  resolved "https://registry.yarnpkg.com/@apollo/react-ssr/-/react-ssr-3.1.5.tgz#53703cd493afcde567acc6d5512cab03dafce6de"
  integrity sha512-wuLPkKlctNn3u8EU8rlECyktpOUCeekFfb0KhIKknpGY6Lza2Qu0bThx7D9MIbVEzhKadNNrzLcpk0Y8/5UuWg==
  dependencies:
    "@apollo/react-common" "^3.1.4"
    "@apollo/react-hooks" "^3.1.5"
    tslib "^1.10.0"

"@formatjs/ecma402-abstract@1.9.5":
  version "1.9.5"
  resolved "https://registry.yarnpkg.com/@formatjs/ecma402-abstract/-/ecma402-abstract-1.9.5.tgz#89ddbc6f18f2ac3cbe841ae13cb1e0a65eddbf53"
  integrity sha512-cGpEBzrf9bL2lTMEuRZ3gjLrEUEucxAXDIdX4tNqNdNZO81ZN558BfjiFfyPgrhILEuJU/+sgLwWxddSn6usHw==
  dependencies:
    "@formatjs/intl-localematcher" "0.2.18"
    tslib "^2.1.0"

"@formatjs/fast-memoize@1.1.1":
  version "1.1.1"
  resolved "https://registry.yarnpkg.com/@formatjs/fast-memoize/-/fast-memoize-1.1.1.tgz#3006b58aca1e39a98aca213356b42da5d173f26b"
  integrity sha512-mIqBr5uigIlx13eZTOPSEh2buDiy3BCdMYUtewICREQjbb4xarDiVWoXSnrERM7NanZ+0TAHNXSqDe6HpEFQUg==

"@formatjs/icu-messageformat-parser@2.0.8":
  version "2.0.8"
  resolved "https://registry.yarnpkg.com/@formatjs/icu-messageformat-parser/-/icu-messageformat-parser-2.0.8.tgz#a7a8714e92c7a1afec3dc4ed94e9e82256f0afb2"
  integrity sha512-fZlQ7ls3eQswO4RFB0lSi+ritPvud0Z2EQB6SU8qI5+MIS4qU4AHjq/dFJNvhdEdmJqLWHe31K4yHaRdavkSQQ==
  dependencies:
    "@formatjs/ecma402-abstract" "1.9.5"
    "@formatjs/icu-skeleton-parser" "1.2.9"
    tslib "^2.1.0"

"@formatjs/icu-skeleton-parser@1.2.9":
  version "1.2.9"
  resolved "https://registry.yarnpkg.com/@formatjs/icu-skeleton-parser/-/icu-skeleton-parser-1.2.9.tgz#70c36735be9cffec0669fa089d061fa6b60e5a8a"
  integrity sha512-cx8Ug1gxRtv0rRddWd6dt5Sn/BhnhktSHvokbmLUVOEp2dy/6Ehvv2e00wow28AaSIzvBvM6ew1Qwe9wzDzcOw==
  dependencies:
    "@formatjs/ecma402-abstract" "1.9.5"
    tslib "^2.1.0"

"@formatjs/intl-displaynames@5.2.0":
  version "5.2.0"
  resolved "https://registry.yarnpkg.com/@formatjs/intl-displaynames/-/intl-displaynames-5.2.0.tgz#b2cc92d941d1fe7c83ff081b955197e647d26d10"
  integrity sha512-Vox3IbI2I1aG2agCQUKdmtB8aM9C7iaGui2S2Apo50MVC7sJuFz7sXq5vuqp8erCAalhuCfRMQREQ3jw/rwW6w==
  dependencies:
    "@formatjs/ecma402-abstract" "1.9.5"
    "@formatjs/intl-localematcher" "0.2.18"
    tslib "^2.1.0"

"@formatjs/intl-displaynames@^1.2.0":
  version "1.2.10"
  resolved "https://registry.yarnpkg.com/@formatjs/intl-displaynames/-/intl-displaynames-1.2.10.tgz#bb9625cca90b099978cd967c6a98aaf4e23fc878"
  integrity sha512-GROA2RP6+7Ouu0WnHFF78O5XIU7pBfI19WM1qm93l6MFWibUk67nCfVCK3VAYJkLy8L8ZxjkYT11VIAfvSz8wg==
  dependencies:
    "@formatjs/intl-utils" "^2.3.0"

"@formatjs/intl-listformat@6.3.0":
  version "6.3.0"
  resolved "https://registry.yarnpkg.com/@formatjs/intl-listformat/-/intl-listformat-6.3.0.tgz#d64b8cb99050b74e7a2acf360e98b5a3d9f40f26"
  integrity sha512-xfNODLDWAV2pAZIK3a/HedvNmvg7GJxFVyOSbYMJP3uTrgjxIUZXeUIu5A5aHe8hn6Tv/GdT9QltDol/YlXmcg==
  dependencies:
    "@formatjs/ecma402-abstract" "1.9.5"
    "@formatjs/intl-localematcher" "0.2.18"
    tslib "^2.1.0"

"@formatjs/intl-listformat@^1.4.1":
  version "1.4.8"
  resolved "https://registry.yarnpkg.com/@formatjs/intl-listformat/-/intl-listformat-1.4.8.tgz#70b81005e7dcf74329cb5b314a940ce5fce36cd0"
  integrity sha512-WNMQlEg0e50VZrGIkgD5n7+DAMGt3boKi1GJALfhFMymslJb5i+5WzWxyj/3a929Z6MAFsmzRIJjKuv+BxKAOQ==
  dependencies:
    "@formatjs/intl-utils" "^2.3.0"

"@formatjs/intl-localematcher@0.2.18":
  version "0.2.18"
  resolved "https://registry.yarnpkg.com/@formatjs/intl-localematcher/-/intl-localematcher-0.2.18.tgz#8fd26045d4f8d85a69519a29f5ee491577ff3eb8"
  integrity sha512-xI9X+mi7wbucbh35GNTY+C0+oMJXAp8ueC73SOyJlBpRNjLuOlSwgw3yJaCZxy3WpjcRBCP0laJ5zlpITO0QpA==
  dependencies:
    tslib "^2.1.0"

"@formatjs/intl-relativetimeformat@^4.5.9":
  version "4.5.16"
  resolved "https://registry.yarnpkg.com/@formatjs/intl-relativetimeformat/-/intl-relativetimeformat-4.5.16.tgz#7449cef3213dd66d25924ca41f125f87b58df95a"
  integrity sha512-IQ0haY97oHAH5OYUdykNiepdyEWj3SAT+Fp9ZpR85ov2JNiFx+12WWlxlVS8ehdyncC2ZMt/SwFIy2huK2+6/A==
  dependencies:
    "@formatjs/intl-utils" "^2.3.0"

"@formatjs/intl-unified-numberformat@^3.2.0":
  version "3.3.7"
  resolved "https://registry.yarnpkg.com/@formatjs/intl-unified-numberformat/-/intl-unified-numberformat-3.3.7.tgz#9995a24568908188e716d81a1de5b702b2ee00e2"
  integrity sha512-KnWgLRHzCAgT9eyt3OS34RHoyD7dPDYhRcuKn+/6Kv2knDF8Im43J6vlSW6Hm1w63fNq3ZIT1cFk7RuVO3Psag==
  dependencies:
    "@formatjs/intl-utils" "^2.3.0"

"@formatjs/intl-utils@^2.2.0", "@formatjs/intl-utils@^2.3.0":
  version "2.3.0"
  resolved "https://registry.yarnpkg.com/@formatjs/intl-utils/-/intl-utils-2.3.0.tgz#2dc8c57044de0340eb53a7ba602e59abf80dc799"
  integrity sha512-KWk80UPIzPmUg+P0rKh6TqspRw0G6eux1PuJr+zz47ftMaZ9QDwbGzHZbtzWkl5hgayM/qrKRutllRC7D/vVXQ==

"@formatjs/intl@1.13.4":
  version "1.13.4"
  resolved "https://registry.yarnpkg.com/@formatjs/intl/-/intl-1.13.4.tgz#7c0143558647800359bea4875fc1005844794031"
  integrity sha512-Hk3jPFsi2g75Yc0bdEsQTgk8TM9CrCBfBwHbngfsNYX0P0QHq00vxIK0kXB/QyOP4SL3hVENA30yRb6cbNp6ww==
  dependencies:
    "@formatjs/ecma402-abstract" "1.9.5"
    "@formatjs/fast-memoize" "1.1.1"
    "@formatjs/icu-messageformat-parser" "2.0.8"
    "@formatjs/intl-displaynames" "5.2.0"
    "@formatjs/intl-listformat" "6.3.0"
    intl-messageformat "9.8.1"
    tslib "^2.1.0"

"@jest/types@^24.9.0":
  version "24.9.0"
  resolved "https://registry.yarnpkg.com/@jest/types/-/types-24.9.0.tgz#63cb26cb7500d069e5a389441a7c6ab5e909fc59"
  integrity sha512-XKK7ze1apu5JWQ5eZjHITP66AX+QsLlbaJRBGYr8pNzwcAE2JVkwnf0yqjHTsDRcjR0mujy/NmZMXw5kl+kGBw==
  dependencies:
    "@types/istanbul-lib-coverage" "^2.0.0"
    "@types/istanbul-reports" "^1.1.1"
    "@types/yargs" "^13.0.0"

"@types/graphql@^14.5.0":
  version "14.5.0"
  resolved "https://registry.yarnpkg.com/@types/graphql/-/graphql-14.5.0.tgz#a545fb3bc8013a3547cf2f07f5e13a33642b75d6"
  integrity sha512-MOkzsEp1Jk5bXuAsHsUi6BVv0zCO+7/2PTiZMXWDSsMXvNU6w/PLMQT2vHn8hy2i0JqojPz1Sz6rsFjHtsU0lA==
  dependencies:
    graphql "*"

"@types/hoist-non-react-statics@^3.3.1":
  version "3.3.1"
  resolved "https://registry.yarnpkg.com/@types/hoist-non-react-statics/-/hoist-non-react-statics-3.3.1.tgz#1124aafe5118cb591977aeb1ceaaed1070eb039f"
  integrity sha512-iMIqiko6ooLrTh1joXodJK5X9xeEALT1kM5G3ZLhD3hszxBdIEd5C75U834D9mLcINgD4OyZf5uQXjkuYydWvA==
  dependencies:
    "@types/react" "*"
    hoist-non-react-statics "^3.3.0"

"@types/invariant@^2.2.31":
  version "2.2.34"
  resolved "https://registry.yarnpkg.com/@types/invariant/-/invariant-2.2.34.tgz#05e4f79f465c2007884374d4795452f995720bbe"
  integrity sha512-lYUtmJ9BqUN688fGY1U1HZoWT1/Jrmgigx2loq4ZcJpICECm/Om3V314BxdzypO0u5PORKGMM6x0OXaljV1YFg==

"@types/istanbul-lib-coverage@*", "@types/istanbul-lib-coverage@^2.0.0":
  version "2.0.1"
  resolved "https://registry.yarnpkg.com/@types/istanbul-lib-coverage/-/istanbul-lib-coverage-2.0.1.tgz#42995b446db9a48a11a07ec083499a860e9138ff"
  integrity sha512-hRJD2ahnnpLgsj6KWMYSrmXkM3rm2Dl1qkx6IOFD5FnuNPXJIG5L0dhgKXCYTRMGzU4n0wImQ/xfmRc4POUFlg==

"@types/istanbul-lib-report@*":
  version "3.0.0"
  resolved "https://registry.yarnpkg.com/@types/istanbul-lib-report/-/istanbul-lib-report-3.0.0.tgz#c14c24f18ea8190c118ee7562b7ff99a36552686"
  integrity sha512-plGgXAPfVKFoYfa9NpYDAkseG+g6Jr294RqeqcqDixSbU34MZVJRi/P+7Y8GDpzkEwLaGZZOpKIEmeVZNtKsrg==
  dependencies:
    "@types/istanbul-lib-coverage" "*"

"@types/istanbul-reports@^1.1.1":
  version "1.1.1"
  resolved "https://registry.yarnpkg.com/@types/istanbul-reports/-/istanbul-reports-1.1.1.tgz#7a8cbf6a406f36c8add871625b278eaf0b0d255a"
  integrity sha512-UpYjBi8xefVChsCoBpKShdxTllC9pwISirfoZsUa2AAdQg/Jd2KQGtSbw+ya7GPo7x/wAPlH6JBhKhAsXUEZNA==
  dependencies:
    "@types/istanbul-lib-coverage" "*"
    "@types/istanbul-lib-report" "*"

"@types/jest@^24.0.18", "@types/jest@^24.0.25":
  version "24.9.1"
  resolved "https://registry.yarnpkg.com/@types/jest/-/jest-24.9.1.tgz#02baf9573c78f1b9974a5f36778b366aa77bd534"
  integrity sha512-Fb38HkXSVA4L8fGKEZ6le5bB8r6MRWlOCZbVuWZcmOMSCd2wCYOwN1ibj8daIoV9naq7aaOZjrLCoCMptKU/4Q==
  dependencies:
    jest-diff "^24.3.0"

"@types/node@^12.7.2":
  version "12.12.37"
  resolved "https://registry.yarnpkg.com/@types/node/-/node-12.12.37.tgz#cb4782d847f801fa58316da5b4801ca3a59ae790"
  integrity sha512-4mXKoDptrXAwZErQHrLzpe0FN/0Wmf5JRniSVIdwUrtDf9wnmEV1teCNLBo/TwuXhkK/bVegoEn/wmb+x0AuPg==

"@types/prop-types@*":
  version "15.7.3"
  resolved "https://registry.yarnpkg.com/@types/prop-types/-/prop-types-15.7.3.tgz#2ab0d5da2e5815f94b0b9d4b95d1e5f243ab2ca7"
  integrity sha512-KfRL3PuHmqQLOG+2tGpRO26Ctg+Cq1E01D2DMriKEATHgWLfeNDmq9e29Q9WIky0dQ3NPkd1mzYH8Lm936Z9qw==

"@types/react-dom@^16.8.3":
  version "16.9.7"
  resolved "https://registry.yarnpkg.com/@types/react-dom/-/react-dom-16.9.7.tgz#60844d48ce252d7b2dccf0c7bb937130e27c0cd2"
  integrity sha512-GHTYhM8/OwUCf254WO5xqR/aqD3gC9kSTLpopWGpQLpnw23jk44RvMHsyUSEplvRJZdHxhJGMMLF0kCPYHPhQA==
  dependencies:
    "@types/react" "*"

"@types/react-helmet@^5.0.8":
  version "5.0.15"
  resolved "https://registry.yarnpkg.com/@types/react-helmet/-/react-helmet-5.0.15.tgz#af0370617307e9f062c6aee0f1f5588224ce646e"
  integrity sha512-CCjqvecDJTXRrHG8aTc2YECcQCl26za/q+NaBRvy/wtm0Uh38koM2dpv2bG1xJV4ckz3t1lm2/5KU6nt2s9BWg==
  dependencies:
    "@types/react" "*"

"@types/react-intl@^3.0.0":
  version "3.0.0"
  resolved "https://registry.yarnpkg.com/@types/react-intl/-/react-intl-3.0.0.tgz#a2cce0024b6cfe403be28ccf67f49d720fa810ec"
  integrity sha512-k8F3d05XQGEqSWIfK97bBjZe4z9RruXU9Wa7OZ2iUC5pdeIpzuQDZe/9C2J3Xir5//ZtAkhcv08Wfx3n5TBTQg==
  dependencies:
    react-intl "*"

"@types/react@*", "@types/react@^16.8.8":
  version "16.9.34"
  resolved "https://registry.yarnpkg.com/@types/react/-/react-16.9.34.tgz#f7d5e331c468f53affed17a8a4d488cd44ea9349"
  integrity sha512-8AJlYMOfPe1KGLKyHpflCg5z46n0b5DbRfqDksxBLBTUpB75ypDBAO9eCUcjNwE6LCUslwTz00yyG/X9gaVtow==
  dependencies:
    "@types/prop-types" "*"
    csstype "^2.2.0"

"@types/yargs-parser@*":
  version "15.0.0"
  resolved "https://registry.yarnpkg.com/@types/yargs-parser/-/yargs-parser-15.0.0.tgz#cb3f9f741869e20cce330ffbeb9271590483882d"
  integrity sha512-FA/BWv8t8ZWJ+gEOnLLd8ygxH/2UFbAvgEonyfN6yWGLKc7zVjbpl2Y4CTjid9h2RfgPP6SEt6uHwEOply00yw==

"@types/yargs@^13.0.0":
  version "13.0.8"
  resolved "https://registry.yarnpkg.com/@types/yargs/-/yargs-13.0.8.tgz#a38c22def2f1c2068f8971acb3ea734eb3c64a99"
  integrity sha512-XAvHLwG7UQ+8M4caKIH0ZozIOYay5fQkAgyIXegXT9jPtdIGdhga+sUEdAr1CiG46aB+c64xQEYyEzlwWVTNzA==
  dependencies:
    "@types/yargs-parser" "*"

"@types/zen-observable@^0.8.0":
  version "0.8.0"
  resolved "https://registry.yarnpkg.com/@types/zen-observable/-/zen-observable-0.8.0.tgz#8b63ab7f1aa5321248aad5ac890a485656dcea4d"
  integrity sha512-te5lMAWii1uEJ4FwLjzdlbw3+n0FZNOvFXHxQDKeT0dilh7HOzdMzV2TrJVUzq8ep7J4Na8OUYPRLSQkJHAlrg==

"@vtex/tsconfig@^0.3.0":
  version "0.3.0"
  resolved "https://registry.yarnpkg.com/@vtex/tsconfig/-/tsconfig-0.3.0.tgz#b16bfed615bfb1c6bd63c7cee7fbbba2dcf85a1d"
  integrity sha512-tm+TKvz1ear25HcNvB8ortlaIEuq36k5rC6D/BtnhqtLOh5vmfPju0eF9Aei6zqrFr5MsmqVWcyaO350FDd+4Q==
  dependencies:
    "@types/graphql" "^14.5.0"
    "@types/jest" "^24.0.18"
    "@types/node" "^12.7.2"

"@wry/equality@^0.1.2", "@wry/equality@^0.1.9":
  version "0.1.11"
  resolved "https://registry.yarnpkg.com/@wry/equality/-/equality-0.1.11.tgz#35cb156e4a96695aa81a9ecc4d03787bc17f1790"
  integrity sha512-mwEVBDUVODlsQQ5dfuLUS5/Tf7jqUKyhKYHmVi4fPB6bDMOfWvUPJmKgS1Z7Za/sOI3vzWt4+O7yCiL/70MogA==
  dependencies:
    tslib "^1.9.3"

ansi-regex@^4.0.0:
  version "4.1.0"
  resolved "https://registry.yarnpkg.com/ansi-regex/-/ansi-regex-4.1.0.tgz#8b9f8f08cf1acb843756a839ca8c7e3168c51997"
  integrity sha512-1apePfXM1UOSqw0o9IiFAovVz9M5S1Dg+4TrDwfMewQ6p/rmMueb7tWZjQ1rx4Loy1ArBggoqGpfqqdI4rondg==

ansi-styles@^3.2.0, ansi-styles@^3.2.1:
  version "3.2.1"
  resolved "https://registry.yarnpkg.com/ansi-styles/-/ansi-styles-3.2.1.tgz#41fbb20243e50b12be0f04b8dedbf07520ce841d"
  integrity sha512-VT0ZI6kZRdTh8YyJw3SMbYm/u+NqfsAxEpWO0Pf9sq8/e94WxxOpPKx9FR1FlyCtOVDNOQ+8ntlqFxiRc+r5qA==
  dependencies:
    color-convert "^1.9.0"

apollo-cache@1.3.4, apollo-cache@^1.3.4:
  version "1.3.4"
  resolved "https://registry.yarnpkg.com/apollo-cache/-/apollo-cache-1.3.4.tgz#0c9f63c793e1cd6e34c450f7668e77aff58c9a42"
  integrity sha512-7X5aGbqaOWYG+SSkCzJNHTz2ZKDcyRwtmvW4mGVLRqdQs+HxfXS4dUS2CcwrAj449se6tZ6NLUMnjko4KMt3KA==
  dependencies:
    apollo-utilities "^1.3.3"
    tslib "^1.10.0"

apollo-client@^2.6.8:
  version "2.6.8"
  resolved "https://registry.yarnpkg.com/apollo-client/-/apollo-client-2.6.8.tgz#01cebc18692abf90c6b3806414e081696b0fa537"
  integrity sha512-0zvJtAcONiozpa5z5zgou83iEKkBaXhhSSXJebFHRXs100SecDojyUWKjwTtBPn9HbM6o5xrvC5mo9VQ5fgAjw==
  dependencies:
    "@types/zen-observable" "^0.8.0"
    apollo-cache "1.3.4"
    apollo-link "^1.0.0"
    apollo-utilities "1.3.3"
    symbol-observable "^1.0.2"
    ts-invariant "^0.4.0"
    tslib "^1.10.0"
    zen-observable "^0.8.0"

apollo-link@^1.0.0, apollo-link@^1.2.13:
  version "1.2.14"
  resolved "https://registry.yarnpkg.com/apollo-link/-/apollo-link-1.2.14.tgz#3feda4b47f9ebba7f4160bef8b977ba725b684d9"
  integrity sha512-p67CMEFP7kOG1JZ0ZkYZwRDa369w5PIjtMjvrQd/HnIV8FRsHRqLqK+oAZQnFa1DDdZtOtHTi+aMIW6EatC2jg==
  dependencies:
    apollo-utilities "^1.3.0"
    ts-invariant "^0.4.0"
    tslib "^1.9.3"
    zen-observable-ts "^0.8.21"

apollo-utilities@1.3.3, apollo-utilities@^1.3.0, apollo-utilities@^1.3.3:
  version "1.3.3"
  resolved "https://registry.yarnpkg.com/apollo-utilities/-/apollo-utilities-1.3.3.tgz#f1854715a7be80cd810bc3ac95df085815c0787c"
  integrity sha512-F14aX2R/fKNYMvhuP2t9GD9fggID7zp5I96MF5QeKYWDWTrkRdHRp4+SVfXUVN+cXOaB/IebfvRtzPf25CM0zw==
  dependencies:
    "@wry/equality" "^0.1.2"
    fast-json-stable-stringify "^2.0.0"
    ts-invariant "^0.4.0"
    tslib "^1.10.0"

assignment@2.0.0:
  version "2.0.0"
  resolved "https://registry.yarnpkg.com/assignment/-/assignment-2.0.0.tgz#ffd17b21bf5d6b22e777b989681a815456a3dd3e"
  integrity sha1-/9F7Ib9dayLnd7mJaBqBVFaj3T4=

chalk@^2.0.1:
  version "2.4.2"
  resolved "https://registry.yarnpkg.com/chalk/-/chalk-2.4.2.tgz#cd42541677a54333cf541a49108c1432b44c9424"
  integrity sha512-Mti+f9lpJNcwF4tWV8/OrTTtF1gZi+f8FqlyAdouralcFWFQWF2+NgCHShjkCb+IFBLq9buZwE1xckQU4peSuQ==
  dependencies:
    ansi-styles "^3.2.1"
    escape-string-regexp "^1.0.5"
    supports-color "^5.3.0"

color-convert@^1.9.0:
  version "1.9.3"
  resolved "https://registry.yarnpkg.com/color-convert/-/color-convert-1.9.3.tgz#bb71850690e1f136567de629d2d5471deda4c1e8"
  integrity sha512-QfAUtd+vFdAtFQcC8CCyYt1fYWxSqAiK2cSD6zDB8N3cpsEBAvRxp9zOGg6G/SHHJYAT88/az/IuDGALsNVbGg==
  dependencies:
    color-name "1.1.3"

color-name@1.1.3:
  version "1.1.3"
  resolved "https://registry.yarnpkg.com/color-name/-/color-name-1.1.3.tgz#a7d0558bd89c42f795dd42328f740831ca53bc25"
  integrity sha1-p9BVi9icQveV3UIyj3QIMcpTvCU=

csstype@^2.2.0:
  version "2.6.10"
  resolved "https://registry.yarnpkg.com/csstype/-/csstype-2.6.10.tgz#e63af50e66d7c266edb6b32909cfd0aabe03928b"
  integrity sha512-D34BqZU4cIlMCY93rZHbrq9pjTAQJ3U8S8rfBqjwHxkGPThWFjzZDQpgMJY0QViLxth6ZKYiwFBo14RdN44U/w==

diff-sequences@^24.9.0:
  version "24.9.0"
  resolved "https://registry.yarnpkg.com/diff-sequences/-/diff-sequences-24.9.0.tgz#5715d6244e2aa65f48bba0bc972db0b0b11e95b5"
  integrity sha512-Dj6Wk3tWyTE+Fo1rW8v0Xhwk80um6yFYKbuAxc9c3EZxIHFDYwbi34Uk42u1CdnIiVorvt4RmlSDjIPyzGC2ew==

escape-string-regexp@^1.0.5:
  version "1.0.5"
  resolved "https://registry.yarnpkg.com/escape-string-regexp/-/escape-string-regexp-1.0.5.tgz#1b61c0562190a8dff6ae3bb2cf0200ca130b86d4"
  integrity sha1-G2HAViGQqN/2rjuyzwIAyhMLhtQ=

fast-json-stable-stringify@^2.0.0:
  version "2.1.0"
  resolved "https://registry.yarnpkg.com/fast-json-stable-stringify/-/fast-json-stable-stringify-2.1.0.tgz#874bf69c6f404c2b5d99c481341399fd55892633"
  integrity sha512-lhd/wF+Lk98HZoTCtlVraHtfh5XYijIjalXck7saUtuanSDyLMxnHhSXEDJqHxD7msR8D0uCmqlkwjCV8xvwHw==

graphql@*:
  version "15.0.0"
  resolved "https://registry.yarnpkg.com/graphql/-/graphql-15.0.0.tgz#042a5eb5e2506a2e2111ce41eb446a8e570b8be9"
  integrity sha512-ZyVO1xIF9F+4cxfkdhOJINM+51B06Friuv4M66W7HzUOeFd+vNzUn4vtswYINPi6sysjf1M2Ri/rwZALqgwbaQ==

graphql@^14.5.8:
  version "14.6.0"
  resolved "https://registry.yarnpkg.com/graphql/-/graphql-14.6.0.tgz#57822297111e874ea12f5cd4419616930cd83e49"
  integrity sha512-VKzfvHEKybTKjQVpTFrA5yUq2S9ihcZvfJAtsDBBCuV6wauPu1xl/f9ehgVf0FcEJJs4vz6ysb/ZMkGigQZseg==
  dependencies:
    iterall "^1.2.2"

has-flag@^3.0.0:
  version "3.0.0"
  resolved "https://registry.yarnpkg.com/has-flag/-/has-flag-3.0.0.tgz#b5d454dc2199ae225699f3467e5a07f3b955bafd"
  integrity sha1-tdRU3CGZriJWmfNGfloH87lVuv0=

he@0.5.0:
  version "0.5.0"
  resolved "https://registry.yarnpkg.com/he/-/he-0.5.0.tgz#2c05ffaef90b68e860f3fd2b54ef580989277ee2"
  integrity sha1-LAX/rvkLaOhg8/0rVO9YCYknfuI=

hoist-non-react-statics@^3.3.0, hoist-non-react-statics@^3.3.2:
  version "3.3.2"
  resolved "https://registry.yarnpkg.com/hoist-non-react-statics/-/hoist-non-react-statics-3.3.2.tgz#ece0acaf71d62c2969c2ec59feff42a4b1a85b45"
  integrity sha512-/gGivxi8JPKWNm/W0jSmzcMPpfpPLc3dY/6GxhX2hQ9iGj3aDfklV4ET7NjKpSinLpJ5vafa9iiGIEZg10SfBw==
  dependencies:
    react-is "^16.7.0"

insane@^2.6.2:
  version "2.6.2"
  resolved "https://registry.yarnpkg.com/insane/-/insane-2.6.2.tgz#c2ab68bb3e006ab451560d1b446917329c0a8120"
  integrity sha1-wqtouz4AarRRVg0bRGkXMpwKgSA=
  dependencies:
    assignment "2.0.0"
    he "0.5.0"

intl-format-cache@^4.2.21:
  version "4.3.1"
  resolved "https://registry.yarnpkg.com/intl-format-cache/-/intl-format-cache-4.3.1.tgz#484d31a9872161e6c02139349b259a6229ade377"
  integrity sha512-OEUYNA7D06agqPOYhbTkl0T8HA3QKSuwWh1HiClEnpd9vw7N+3XsQt5iZ0GUEchp5CW1fQk/tary+NsbF3yQ1Q==

intl-messageformat-parser@^3.6.4:
  version "3.6.4"
  resolved "https://registry.yarnpkg.com/intl-messageformat-parser/-/intl-messageformat-parser-3.6.4.tgz#5199d106d816c3dda26ee0694362a9cf823978fb"
  integrity sha512-RgPGwue0mJtoX2Ax8EmMzJzttxjnva7gx0Q7mKJ4oALrTZvtmCeAw5Msz2PcjW4dtCh/h7vN/8GJCxZO1uv+OA==
  dependencies:
    "@formatjs/intl-unified-numberformat" "^3.2.0"

intl-messageformat@9.8.1:
  version "9.8.1"
  resolved "https://registry.yarnpkg.com/intl-messageformat/-/intl-messageformat-9.8.1.tgz#f2352f1e12dcc1b135da315a9d565a473ba7bffe"
  integrity sha512-2rSZQu8GmLOlxNiehRvxWjkIqzemW833zm8ZS63JNvSpSuGnpqSWRqqwqv1kEBto/97/UBjtWy14m/CIdwVqFg==
  dependencies:
    "@formatjs/fast-memoize" "1.1.1"
    "@formatjs/icu-messageformat-parser" "2.0.8"
    tslib "^2.1.0"

intl-messageformat@^7.8.4:
  version "7.8.4"
  resolved "https://registry.yarnpkg.com/intl-messageformat/-/intl-messageformat-7.8.4.tgz#c29146a06b9cd26662978a4d95fff2b133e3642f"
  integrity sha512-yS0cLESCKCYjseCOGXuV4pxJm/buTfyCJ1nzQjryHmSehlptbZbn9fnlk1I9peLopZGGbjj46yHHiTAEZ1qOTA==
  dependencies:
    intl-format-cache "^4.2.21"
    intl-messageformat-parser "^3.6.4"

iterall@^1.2.2:
  version "1.3.0"
  resolved "https://registry.yarnpkg.com/iterall/-/iterall-1.3.0.tgz#afcb08492e2915cbd8a0884eb93a8c94d0d72fea"
  integrity sha512-QZ9qOMdF+QLHxy1QIpUHUU1D5pS2CG2P69LF6L6CPjPYA/XMOmKV3PZpawHoAjHNyB0swdVTRxdYT4tbBbxqwg==

jest-diff@^24.3.0:
  version "24.9.0"
  resolved "https://registry.yarnpkg.com/jest-diff/-/jest-diff-24.9.0.tgz#931b7d0d5778a1baf7452cb816e325e3724055da"
  integrity sha512-qMfrTs8AdJE2iqrTp0hzh7kTd2PQWrsFyj9tORoKmu32xjPjeE4NyjVRDz8ybYwqS2ik8N4hsIpiVTyFeo2lBQ==
  dependencies:
    chalk "^2.0.1"
    diff-sequences "^24.9.0"
    jest-get-type "^24.9.0"
    pretty-format "^24.9.0"

jest-get-type@^24.9.0:
  version "24.9.0"
  resolved "https://registry.yarnpkg.com/jest-get-type/-/jest-get-type-24.9.0.tgz#1684a0c8a50f2e4901b6644ae861f579eed2ef0e"
  integrity sha512-lUseMzAley4LhIcpSP9Jf+fTrQ4a1yHQwLNeeVa2cEmbCGeoZAtYPOIv8JaxLD/sUpKxetKGP+gsHl8f8TSj8Q==

"js-tokens@^3.0.0 || ^4.0.0":
  version "4.0.0"
  resolved "https://registry.yarnpkg.com/js-tokens/-/js-tokens-4.0.0.tgz#19203fb59991df98e3a287050d4647cdeaf32499"
  integrity sha512-RdJUflcE3cUzKiMqQgsCu06FPu9UdIJO0beYbPhHN4k6apgJtifcoCtT9bcxOpYBtpD2kCM6Sbzg4CausW/PKQ==

loose-envify@^1.1.0, loose-envify@^1.4.0:
  version "1.4.0"
  resolved "https://registry.yarnpkg.com/loose-envify/-/loose-envify-1.4.0.tgz#71ee51fa7be4caec1a63839f7e682d8132d30caf"
  integrity sha512-lyuxPGr/Wfhrlem2CL/UcnUc1zcqKAImBDzukY7Y5F/yQiNdko6+fRLevlw1HgMySw7f611UIY408EtxRSoK3Q==
  dependencies:
    js-tokens "^3.0.0 || ^4.0.0"

object-assign@^4.1.1:
  version "4.1.1"
  resolved "https://registry.yarnpkg.com/object-assign/-/object-assign-4.1.1.tgz#2109adc7965887cfc05cbbd442cac8bfbb360863"
  integrity sha1-IQmtx5ZYh8/AXLvUQsrIv7s2CGM=

pretty-format@^24.9.0:
  version "24.9.0"
  resolved "https://registry.yarnpkg.com/pretty-format/-/pretty-format-24.9.0.tgz#12fac31b37019a4eea3c11aa9a959eb7628aa7c9"
  integrity sha512-00ZMZUiHaJrNfk33guavqgvfJS30sLYf0f8+Srklv0AMPodGGHcoHgksZ3OThYnIvOd+8yMCn0YiEOogjlgsnA==
  dependencies:
    "@jest/types" "^24.9.0"
    ansi-regex "^4.0.0"
    ansi-styles "^3.2.0"
    react-is "^16.8.4"

prop-types@^15.5.4, prop-types@^15.6.2, prop-types@^15.7.2:
  version "15.7.2"
  resolved "https://registry.yarnpkg.com/prop-types/-/prop-types-15.7.2.tgz#52c41e75b8c87e72b9d9360e0206b99dcbffa6c5"
  integrity sha512-8QQikdH7//R2vurIJSutZ1smHYTcLpRWEOlHnzcWHmBYrOGUysKwSsrC89BCiFj3CbrfJ/nXFdJepOVrY1GCHQ==
  dependencies:
    loose-envify "^1.4.0"
    object-assign "^4.1.1"
    react-is "^16.8.1"

react-apollo@^3.1.3:
  version "3.1.5"
  resolved "https://registry.yarnpkg.com/react-apollo/-/react-apollo-3.1.5.tgz#36692d393c47e7ccc37f0a885c7cc5a8b4961c91"
  integrity sha512-xOxMqxORps+WHrUYbjVHPliviomefOpu5Sh35oO3osuOyPTxvrljdfTLGCggMhcXBsDljtS5Oy4g+ijWg3D4JQ==
  dependencies:
    "@apollo/react-common" "^3.1.4"
    "@apollo/react-components" "^3.1.5"
    "@apollo/react-hoc" "^3.1.5"
    "@apollo/react-hooks" "^3.1.5"
    "@apollo/react-ssr" "^3.1.5"

react-dom@^16.8.5:
  version "16.13.1"
  resolved "https://registry.yarnpkg.com/react-dom/-/react-dom-16.13.1.tgz#c1bd37331a0486c078ee54c4740720993b2e0e7f"
  integrity sha512-81PIMmVLnCNLO/fFOQxdQkvEq/+Hfpv24XNJfpyZhTRfO0QcmQIF/PgCa1zCOj2w1hrn12MFLyaJ/G0+Mxtfag==
  dependencies:
    loose-envify "^1.1.0"
    object-assign "^4.1.1"
    prop-types "^15.6.2"
    scheduler "^0.19.1"

react-fast-compare@^2.0.2:
  version "2.0.4"
  resolved "https://registry.yarnpkg.com/react-fast-compare/-/react-fast-compare-2.0.4.tgz#e84b4d455b0fec113e0402c329352715196f81f9"
  integrity sha512-suNP+J1VU1MWFKcyt7RtjiSWUjvidmQSlqu+eHslq+342xCbGTYmC0mEhPCOHxlW0CywylOC1u2DFAT+bv4dBw==

react-helmet@^5.2.0:
  version "5.2.1"
  resolved "https://registry.yarnpkg.com/react-helmet/-/react-helmet-5.2.1.tgz#16a7192fdd09951f8e0fe22ffccbf9bb3e591ffa"
  integrity sha512-CnwD822LU8NDBnjCpZ4ySh8L6HYyngViTZLfBBb3NjtrpN8m49clH8hidHouq20I51Y6TpCTISCBbqiY5GamwA==
  dependencies:
    object-assign "^4.1.1"
    prop-types "^15.5.4"
    react-fast-compare "^2.0.2"
    react-side-effect "^1.1.0"

react-intl@*:
  version "5.20.6"
  resolved "https://registry.yarnpkg.com/react-intl/-/react-intl-5.20.6.tgz#fc64d09143d0df233b373d40a646542b167c118c"
  integrity sha512-+G5HIb0GCBgIMd/OWISCnUCbRE6fHOkNJxaefbrjvXwCXZLLpUUYtO65DJOEuc+hB3VkAsM6QJDJ6AarO3hPKQ==
  dependencies:
    "@formatjs/ecma402-abstract" "1.9.5"
    "@formatjs/icu-messageformat-parser" "2.0.8"
    "@formatjs/intl" "1.13.4"
    "@formatjs/intl-displaynames" "5.2.0"
    "@formatjs/intl-listformat" "6.3.0"
    "@types/hoist-non-react-statics" "^3.3.1"
    hoist-non-react-statics "^3.3.2"
    intl-messageformat "9.8.1"
    tslib "^2.1.0"

react-intl@^3.12.0:
  version "3.12.1"
  resolved "https://registry.yarnpkg.com/react-intl/-/react-intl-3.12.1.tgz#e9a783ea20302e9da25e4eda59e5593a43d2ec80"
  integrity sha512-cgumW29mwROIqyp8NXStYsoIm27+8FqnxykiLSawWjOxGIBeLuN/+p2srei5SRIumcJefOkOIHP+NDck05RgHg==
  dependencies:
    "@formatjs/intl-displaynames" "^1.2.0"
    "@formatjs/intl-listformat" "^1.4.1"
    "@formatjs/intl-relativetimeformat" "^4.5.9"
    "@formatjs/intl-unified-numberformat" "^3.2.0"
    "@formatjs/intl-utils" "^2.2.0"
    "@types/hoist-non-react-statics" "^3.3.1"
    "@types/invariant" "^2.2.31"
    hoist-non-react-statics "^3.3.2"
    intl-format-cache "^4.2.21"
    intl-messageformat "^7.8.4"
    intl-messageformat-parser "^3.6.4"
    shallow-equal "^1.2.1"

react-is@^16.7.0, react-is@^16.8.1, react-is@^16.8.4:
  version "16.13.1"
  resolved "https://registry.yarnpkg.com/react-is/-/react-is-16.13.1.tgz#789729a4dc36de2999dc156dd6c1d9c18cea56a4"
  integrity sha512-24e6ynE2H+OKt4kqsOvNd8kBpV65zoxbA4BVsEOB3ARVWQki/DHzaUoC5KuON/BiccDaCCTZBuOcfZs70kR8bQ==

react-side-effect@^1.1.0:
  version "1.2.0"
  resolved "https://registry.yarnpkg.com/react-side-effect/-/react-side-effect-1.2.0.tgz#0e940c78faba0c73b9b0eba9cd3dda8dfb7e7dae"
  integrity sha512-v1ht1aHg5k/thv56DRcjw+WtojuuDHFUgGfc+bFHOWsF4ZK6C2V57DO0Or0GPsg6+LSTE0M6Ry/gfzhzSwbc5w==
  dependencies:
    shallowequal "^1.0.1"

react@^16.13.0:
  version "16.13.1"
  resolved "https://registry.yarnpkg.com/react/-/react-16.13.1.tgz#2e818822f1a9743122c063d6410d85c1e3afe48e"
  integrity sha512-YMZQQq32xHLX0bz5Mnibv1/LHb3Sqzngu7xstSM+vrkE5Kzr9xE0yMByK5kMoTK30YVJE61WfbxIFFvfeDKT1w==
  dependencies:
    loose-envify "^1.1.0"
    object-assign "^4.1.1"
    prop-types "^15.6.2"

scheduler@^0.19.1:
  version "0.19.1"
  resolved "https://registry.yarnpkg.com/scheduler/-/scheduler-0.19.1.tgz#4f3e2ed2c1a7d65681f4c854fa8c5a1ccb40f196"
  integrity sha512-n/zwRWRYSUj0/3g/otKDRPMh6qv2SYMWNq85IEa8iZyAv8od9zDYpGSnpBEjNgcMNq6Scbu5KfIPxNF72R/2EA==
  dependencies:
    loose-envify "^1.1.0"
    object-assign "^4.1.1"

shallow-equal@^1.2.1:
  version "1.2.1"
  resolved "https://registry.yarnpkg.com/shallow-equal/-/shallow-equal-1.2.1.tgz#4c16abfa56043aa20d050324efa68940b0da79da"
  integrity sha512-S4vJDjHHMBaiZuT9NPb616CSmLf618jawtv3sufLl6ivK8WocjAo58cXwbRV1cgqxH0Qbv+iUt6m05eqEa2IRA==

shallowequal@^1.0.1:
  version "1.1.0"
  resolved "https://registry.yarnpkg.com/shallowequal/-/shallowequal-1.1.0.tgz#188d521de95b9087404fd4dcb68b13df0ae4e7f8"
  integrity sha512-y0m1JoUZSlPAjXVtPPW70aZWfIL/dSP7AFkRnniLCrK/8MDKog3TySTBmckD+RObVxH0v4Tox67+F14PdED2oQ==

supports-color@^5.3.0:
  version "5.5.0"
  resolved "https://registry.yarnpkg.com/supports-color/-/supports-color-5.5.0.tgz#e2e69a44ac8772f78a1ec0b35b689df6530efc8f"
  integrity sha512-QjVjwdXIt408MIiAqCX4oUKsgU2EqAGzs2Ppkm4aQYbjm+ZEWEcW4SfFNTr4uMNZma0ey4f5lgLrkB0aX0QMow==
  dependencies:
    has-flag "^3.0.0"

symbol-observable@^1.0.2:
  version "1.2.0"
  resolved "https://registry.yarnpkg.com/symbol-observable/-/symbol-observable-1.2.0.tgz#c22688aed4eab3cdc2dfeacbb561660560a00804"
  integrity sha512-e900nM8RRtGhlV36KGEU9k65K3mPb1WV70OdjfxlG2EAuM1noi/E/BaW/uMhL7bPEssK8QV57vN3esixjUvcXQ==

ts-invariant@^0.4.0, ts-invariant@^0.4.4:
  version "0.4.4"
  resolved "https://registry.yarnpkg.com/ts-invariant/-/ts-invariant-0.4.4.tgz#97a523518688f93aafad01b0e80eb803eb2abd86"
  integrity sha512-uEtWkFM/sdZvRNNDL3Ehu4WVpwaulhwQszV8mrtcdeE8nN00BV9mAmQ88RkrBhFgl9gMgvjJLAQcZbnPXI9mlA==
  dependencies:
    tslib "^1.9.3"

tslib@^1.10.0, tslib@^1.9.3:
  version "1.11.1"
  resolved "https://registry.yarnpkg.com/tslib/-/tslib-1.11.1.tgz#eb15d128827fbee2841549e171f45ed338ac7e35"
  integrity sha512-aZW88SY8kQbU7gpV19lN24LtXh/yD4ZZg6qieAJDDg+YBsJcSmLGK9QpnUjAKVG/xefmvJGd1WUmfpT/g6AJGA==

tslib@^2.1.0:
  version "2.3.0"
  resolved "https://registry.yarnpkg.com/tslib/-/tslib-2.3.0.tgz#803b8cdab3e12ba581a4ca41c8839bbb0dacb09e"
  integrity sha512-N82ooyxVNm6h1riLCoyS9e3fuJ3AMG2zIZs2Gd1ATcSFjSA23Q0fzjjZeh0jbJvWVDZ0cJT8yaNNaaXHzueNjg==

typescript@3.9.7:
  version "3.9.7"
  resolved "https://registry.yarnpkg.com/typescript/-/typescript-3.9.7.tgz#98d600a5ebdc38f40cb277522f12dc800e9e25fa"
  integrity sha512-BLbiRkiBzAwsjut4x/dsibSTB6yWpwT5qWmC2OfuCg3GgVQCSgMs4vEctYPhsaGtd0AeuuHMkjZ2h2WG8MSzRw==

"vtex.blog-interfaces@http://vtex.vtexassets.com/_v/public/typings/v1/vtex.blog-interfaces@0.2.0/public/@types/vtex.blog-interfaces":
  version "0.2.0"
  resolved "http://vtex.vtexassets.com/_v/public/typings/v1/vtex.blog-interfaces@0.2.0/public/@types/vtex.blog-interfaces#a655b819157a93a52a599aea6687b63922fff49c"

"vtex.css-handles@http://vtex.vtexassets.com/_v/public/typings/v1/vtex.css-handles@0.4.4/public/@types/vtex.css-handles":
  version "0.4.4"
  resolved "http://vtex.vtexassets.com/_v/public/typings/v1/vtex.css-handles@0.4.4/public/@types/vtex.css-handles#8c45c6decf9acd2b944e07261686decff93d6422"

"vtex.product-context@http://vtex.vtexassets.com/_v/public/typings/v1/vtex.product-context@0.9.9/public/@types/vtex.product-context":
  version "0.9.9"
  resolved "http://vtex.vtexassets.com/_v/public/typings/v1/vtex.product-context@0.9.9/public/@types/vtex.product-context#d9619a3365c1b04c1110c4beb11a53eae39aac75"

"vtex.product-summary@http://vtex.vtexassets.com/_v/public/typings/v1/vtex.product-summary@2.72.0/public/@types/vtex.product-summary":
  version "2.72.0"
  resolved "http://vtex.vtexassets.com/_v/public/typings/v1/vtex.product-summary@2.72.0/public/@types/vtex.product-summary#c6e382fa58790d5d1ff0a2fc532586dedc216b3f"

"vtex.render-runtime@http://vtex.vtexassets.com/_v/public/typings/v1/vtex.render-runtime@8.128.4/public/@types/vtex.render-runtime":
  version "8.128.4"
  resolved "http://vtex.vtexassets.com/_v/public/typings/v1/vtex.render-runtime@8.128.4/public/@types/vtex.render-runtime#63491782d44910c4edc8528bc645c7c335c33128"

"vtex.search-graphql@http://vtex.vtexassets.com/_v/public/typings/v1/vtex.search-graphql@0.43.0/public/@types/vtex.search-graphql":
  version "0.43.0"
  resolved "http://vtex.vtexassets.com/_v/public/typings/v1/vtex.search-graphql@0.43.0/public/@types/vtex.search-graphql#ce3eabf17ad172fe4e96b374cd86a2f76306ed79"

"vtex.search-page-context@http://vtex.vtexassets.com/_v/public/typings/v1/vtex.search-page-context@0.2.0/public/@types/vtex.search-page-context":
  version "0.2.0"
  resolved "http://vtex.vtexassets.com/_v/public/typings/v1/vtex.search-page-context@0.2.0/public/@types/vtex.search-page-context#1b37f20648d8e4ff062ae9fffb0aa2718f172af7"

"vtex.shelf@http://vtex.vtexassets.com/_v/public/typings/v1/vtex.shelf@1.44.2/public/_types/react":
  version "0.0.0"
  resolved "http://vtex.vtexassets.com/_v/public/typings/v1/vtex.shelf@1.44.2/public/_types/react#fa7a0347e046eab3dd768998fc9252b2c0dd5aef"

"vtex.store-components@http://vtex.vtexassets.com/_v/public/typings/v1/vtex.store-components@3.144.0/public/@types/vtex.store-components":
  version "3.144.0"
  resolved "http://vtex.vtexassets.com/_v/public/typings/v1/vtex.store-components@3.144.0/public/@types/vtex.store-components#7731a0fb7cec831b93b5037c6f694205eb34a247"

"vtex.store-sitemap@http://vtex.vtexassets.com/_v/public/typings/v1/vtex.store-sitemap@2.13.9/public/@types/vtex.store-sitemap":
  version "2.13.9"
  resolved "http://vtex.vtexassets.com/_v/public/typings/v1/vtex.store-sitemap@2.13.9/public/@types/vtex.store-sitemap#88060df3db5dedfa04e15f37a331340780822001"

"vtex.store@http://vtex.vtexassets.com/_v/public/typings/v1/vtex.store@2.117.0/public/@types/vtex.store":
  version "2.117.0"
  resolved "http://vtex.vtexassets.com/_v/public/typings/v1/vtex.store@2.117.0/public/@types/vtex.store#9f7403d597b8927af64b520f4de62bda34dad3ab"

"vtex.styleguide@http://vtex.vtexassets.com/_v/public/typings/v1/vtex.styleguide@9.142.0/public/@types/vtex.styleguide":
  version "9.142.0"
  resolved "http://vtex.vtexassets.com/_v/public/typings/v1/vtex.styleguide@9.142.0/public/@types/vtex.styleguide#12d22690aa1896a7516eb4b7bc8923216aed7725"

zen-observable-ts@^0.8.21:
  version "0.8.21"
  resolved "https://registry.yarnpkg.com/zen-observable-ts/-/zen-observable-ts-0.8.21.tgz#85d0031fbbde1eba3cd07d3ba90da241215f421d"
  integrity sha512-Yj3yXweRc8LdRMrCC8nIc4kkjWecPAUVh0TI0OUrWXx6aX790vLcDlWca6I4vsyCGH3LpWxq0dJRcMOFoVqmeg==
  dependencies:
    tslib "^1.9.3"
    zen-observable "^0.8.0"

zen-observable@^0.8.0:
  version "0.8.15"
  resolved "https://registry.yarnpkg.com/zen-observable/-/zen-observable-0.8.15.tgz#96415c512d8e3ffd920afd3889604e30b9eaac15"
  integrity sha512-PQ2PC7R9rslx84ndNBZB/Dkv8V8fZEpk83RLgXtYd0fwUgEjseMn1Dgajh2x6S8QbZAFa9p2qVCEuYZNgve0dQ==
